
Microsoft Visual Studio Solution File, Format Version 12.00
# Visual Studio Version 17
VisualStudioVersion = 17.10.34916.146
MinimumVisualStudioVersion = 10.0.40219.1
Project("{FAE04EC0-301F-11D3-BF4B-00C04F79EFBC}") = "gitapp", "gitapp.csproj", "{5CDCA384-2811-48A8-8437-AD0127CA92FD}"
EndProject
Global
	GlobalSection(SolutionConfigurationPlatforms) = preSolution
		Debug|Any CPU = Debug|Any CPU
		Release|Any CPU = Release|Any CPU
	EndGlobalSection
	GlobalSection(ProjectConfigurationPlatforms) = postSolution
		{5CDCA384-2811-48A8-8437-AD0127CA92FD}.Debug|Any CPU.ActiveCfg = Debug|Any CPU
		{5CDCA384-2811-48A8-8437-AD0127CA92FD}.Debug|Any CPU.Build.0 = Debug|Any CPU
		{5CDCA384-2811-48A8-8437-AD0127CA92FD}.Release|Any CPU.ActiveCfg = Release|Any CPU
		{5CDCA384-2811-48A8-8437-AD0127CA92FD}.Release|Any CPU.Build.0 = Release|Any CPU
	EndGlobalSection
	GlobalSection(SolutionProperties) = preSolution
		HideSolutionNode = FALSE
	EndGlobalSection
	GlobalSection(ExtensibilityGlobals) = postSolution
		SolutionGuid = {F1CD6965-F77C-4ABE-8C03-82B99E17D590}
	EndGlobalSection
EndGlobal
